
Microsoft Visual Studio Solution File, Format Version 12.00
# Visual Studio Version 17
VisualStudioVersion = 17.0.31903.59
MinimumVisualStudioVersion = 10.0.40219.1
Project("{2150E333-8FDC-42A3-9474-1A3956D46DE8}") = "AomojiVanity.Build", "AomojiVanity.Build", "{FF2D4693-BBD5-46E1-BEEB-9FED89721C01}"
	ProjectSection(SolutionItems) = preProject
		AomojiVanity.Build\AomojiVanity.Build.targets = AomojiVanity.Build\AomojiVanity.Build.targets
		AomojiVanity.Build\AomojiVanity.Build.ModLoader.targets = AomojiVanity.Build\AomojiVanity.Build.ModLoader.targets
		AomojiVanity.Build\AomojiVanity.Build.DotNet.targets = AomojiVanity.Build\AomojiVanity.Build.DotNet.targets
		AomojiVanity.Build\AomojiVanity.Build.ErrorChecker.targets = AomojiVanity.Build\AomojiVanity.Build.ErrorChecker.targets
	EndProjectSection
EndProject
Project("{FAE04EC0-301F-11D3-BF4B-00C04F79EFBC}") = "AomojiVanity", "AomojiVanity\AomojiVanity.csproj", "{9DEAA6E3-5308-4DAE-B823-4200E2BBEF80}"
EndProject
Project("{FAE04EC0-301F-11D3-BF4B-00C04F79EFBC}") = "AomojiResourcePacks", "AomojiResourcePacks\AomojiResourcePacks.csproj", "{07185906-B0CC-44FB-9A08-37A5B818C79C}"
EndProject
Project("{FAE04EC0-301F-11D3-BF4B-00C04F79EFBC}") = "AomojiCommonLibs", "AomojiCommonLibs\AomojiCommonLibs.csproj", "{11356AF5-437C-44B0-8E4E-BAD3FBCACF20}"
EndProject
Project("{FAE04EC0-301F-11D3-BF4B-00C04F79EFBC}") = "Xysstide.Reflection", "xysstide-reflection\src\Xysstide.Reflection\Xysstide.Reflection.csproj", "{A77F7CD0-D79A-4122-994F-7BFF0F434E4D}"
EndProject
Global
	GlobalSection(SolutionConfigurationPlatforms) = preSolution
		Debug|Any CPU = Debug|Any CPU
		Release|Any CPU = Release|Any CPU
	EndGlobalSection
	GlobalSection(SolutionProperties) = preSolution
		HideSolutionNode = FALSE
	EndGlobalSection
	GlobalSection(ProjectConfigurationPlatforms) = postSolution
		{9DEAA6E3-5308-4DAE-B823-4200E2BBEF80}.Debug|Any CPU.ActiveCfg = Debug|Any CPU
		{9DEAA6E3-5308-4DAE-B823-4200E2BBEF80}.Debug|Any CPU.Build.0 = Debug|Any CPU
		{9DEAA6E3-5308-4DAE-B823-4200E2BBEF80}.Release|Any CPU.ActiveCfg = Release|Any CPU
		{9DEAA6E3-5308-4DAE-B823-4200E2BBEF80}.Release|Any CPU.Build.0 = Release|Any CPU
		{07185906-B0CC-44FB-9A08-37A5B818C79C}.Debug|Any CPU.ActiveCfg = Debug|Any CPU
		{07185906-B0CC-44FB-9A08-37A5B818C79C}.Debug|Any CPU.Build.0 = Debug|Any CPU
		{07185906-B0CC-44FB-9A08-37A5B818C79C}.Release|Any CPU.ActiveCfg = Release|Any CPU
		{07185906-B0CC-44FB-9A08-37A5B818C79C}.Release|Any CPU.Build.0 = Release|Any CPU
		{11356AF5-437C-44B0-8E4E-BAD3FBCACF20}.Debug|Any CPU.ActiveCfg = Debug|Any CPU
		{11356AF5-437C-44B0-8E4E-BAD3FBCACF20}.Debug|Any CPU.Build.0 = Debug|Any CPU
		{11356AF5-437C-44B0-8E4E-BAD3FBCACF20}.Release|Any CPU.ActiveCfg = Release|Any CPU
		{11356AF5-437C-44B0-8E4E-BAD3FBCACF20}.Release|Any CPU.Build.0 = Release|Any CPU
		{A77F7CD0-D79A-4122-994F-7BFF0F434E4D}.Debug|Any CPU.ActiveCfg = Debug|Any CPU
		{A77F7CD0-D79A-4122-994F-7BFF0F434E4D}.Debug|Any CPU.Build.0 = Debug|Any CPU
		{A77F7CD0-D79A-4122-994F-7BFF0F434E4D}.Release|Any CPU.ActiveCfg = Release|Any CPU
		{A77F7CD0-D79A-4122-994F-7BFF0F434E4D}.Release|Any CPU.Build.0 = Release|Any CPU
	EndGlobalSection
EndGlobal
