
Microsoft Visual Studio Solution File, Format Version 12.00
# Visual Studio Version 17
VisualStudioVersion = 17.0.31903.59
MinimumVisualStudioVersion = 10.0.40219.1
Project("{2150E333-8FDC-42A3-9474-1A3956D46DE8}") = "AomojiVanity.Build", "AomojiVanity.Build", "{FF2D4693-BBD5-46E1-BEEB-9FED89721C01}"
	ProjectSection(SolutionItems) = preProject
		AomojiVanity.Build\AomojiVanity.Build.targets = AomojiVanity.Build\AomojiVanity.Build.targets
		AomojiVanity.Build\AomojiVanity.Build.ModLoader.targets = AomojiVanity.Build\AomojiVanity.Build.ModLoader.targets
		AomojiVanity.Build\AomojiVanity.Build.DotNet.targets = AomojiVanity.Build\AomojiVanity.Build.DotNet.targets
		AomojiVanity.Build\AomojiVanity.Build.ErrorChecker.targets = AomojiVanity.Build\AomojiVanity.Build.ErrorChecker.targets
	EndProjectSection
EndProject
Project("{FAE04EC0-301F-11D3-BF4B-00C04F79EFBC}") = "AomojiVanity", "AomojiVanity\AomojiVanity.csproj", "{9DEAA6E3-5308-4DAE-B823-4200E2BBEF80}"
EndProject
Project("{FAE04EC0-301F-11D3-BF4B-00C04F79EFBC}") = "AomojiResourcePacks", "AomojiResourcePacks\AomojiResourcePacks.csproj", "{07185906-B0CC-44FB-9A08-37A5B818C79C}"
EndProject
Project("{FAE04EC0-301F-11D3-BF4B-00C04F79EFBC}") = "AomojiCommonLibs", "AomojiCommonLibs\AomojiCommonLibs.csproj", "{11356AF5-437C-44B0-8E4E-BAD3FBCACF20}"
EndProject
Project("{FAE04EC0-301F-11D3-BF4B-00C04F79EFBC}") = "Hikari", "Hikari\Hikari.csproj", "{19D076D2-9175-4D58-9FDF-6696B979CB39}"
EndProject
Project("{FAE04EC0-301F-11D3-BF4B-00C04F79EFBC}") = "Lucifer", "Lucifer\Lucifer.csproj", "{9ADF7538-DE92-4472-9770-0F5B329CF7EF}"
EndProject
Project("{FAE04EC0-301F-11D3-BF4B-00C04F79EFBC}") = "AomojiVanity.Benchmarks", "AomojiVanity.Benchmarks\AomojiVanity.Benchmarks.csproj", "{F4341C5E-38B3-4F8D-B678-0C5601B241DE}"
EndProject
Project("{FAE04EC0-301F-11D3-BF4B-00C04F79EFBC}") = "RediJitProfiler", "RediJitProfiler\RediJitProfiler.csproj", "{BAC4C708-5F61-46A8-BE16-0F46041CD7C6}"
EndProject
Project("{FAE04EC0-301F-11D3-BF4B-00C04F79EFBC}") = "ProfilerLib", "ManagedDotnetProfiler\ProfilerLib\ProfilerLib.csproj", "{6EC786F6-E84C-4DD3-8B31-AC0E13D62E88}"
EndProject
Project("{FAE04EC0-301F-11D3-BF4B-00C04F79EFBC}") = "NativeStubSourceGenerator", "ManagedDotnetProfiler\NativeStubSourceGenerator\NativeStubSourceGenerator.csproj", "{81873F65-9ABF-498F-9796-0E29CF5E17AD}"
EndProject
Project("{FAE04EC0-301F-11D3-BF4B-00C04F79EFBC}") = "RediJit", "RediJit\RediJit.csproj", "{23EE5521-1B2C-4C80-8588-DBBC986A6054}"
EndProject
Global
	GlobalSection(SolutionConfigurationPlatforms) = preSolution
		Debug|Any CPU = Debug|Any CPU
		Release|Any CPU = Release|Any CPU
	EndGlobalSection
	GlobalSection(SolutionProperties) = preSolution
		HideSolutionNode = FALSE
	EndGlobalSection
	GlobalSection(ProjectConfigurationPlatforms) = postSolution
		{9DEAA6E3-5308-4DAE-B823-4200E2BBEF80}.Debug|Any CPU.ActiveCfg = Debug|Any CPU
		{9DEAA6E3-5308-4DAE-B823-4200E2BBEF80}.Debug|Any CPU.Build.0 = Debug|Any CPU
		{9DEAA6E3-5308-4DAE-B823-4200E2BBEF80}.Release|Any CPU.ActiveCfg = Release|Any CPU
		{9DEAA6E3-5308-4DAE-B823-4200E2BBEF80}.Release|Any CPU.Build.0 = Release|Any CPU
		{07185906-B0CC-44FB-9A08-37A5B818C79C}.Debug|Any CPU.ActiveCfg = Debug|Any CPU
		{07185906-B0CC-44FB-9A08-37A5B818C79C}.Debug|Any CPU.Build.0 = Debug|Any CPU
		{07185906-B0CC-44FB-9A08-37A5B818C79C}.Release|Any CPU.ActiveCfg = Release|Any CPU
		{07185906-B0CC-44FB-9A08-37A5B818C79C}.Release|Any CPU.Build.0 = Release|Any CPU
		{11356AF5-437C-44B0-8E4E-BAD3FBCACF20}.Debug|Any CPU.ActiveCfg = Debug|Any CPU
		{11356AF5-437C-44B0-8E4E-BAD3FBCACF20}.Debug|Any CPU.Build.0 = Debug|Any CPU
		{11356AF5-437C-44B0-8E4E-BAD3FBCACF20}.Release|Any CPU.ActiveCfg = Release|Any CPU
		{11356AF5-437C-44B0-8E4E-BAD3FBCACF20}.Release|Any CPU.Build.0 = Release|Any CPU
		{19D076D2-9175-4D58-9FDF-6696B979CB39}.Debug|Any CPU.ActiveCfg = Debug|Any CPU
		{19D076D2-9175-4D58-9FDF-6696B979CB39}.Debug|Any CPU.Build.0 = Debug|Any CPU
		{19D076D2-9175-4D58-9FDF-6696B979CB39}.Release|Any CPU.ActiveCfg = Release|Any CPU
		{19D076D2-9175-4D58-9FDF-6696B979CB39}.Release|Any CPU.Build.0 = Release|Any CPU
		{9ADF7538-DE92-4472-9770-0F5B329CF7EF}.Debug|Any CPU.ActiveCfg = Debug|Any CPU
		{9ADF7538-DE92-4472-9770-0F5B329CF7EF}.Debug|Any CPU.Build.0 = Debug|Any CPU
		{9ADF7538-DE92-4472-9770-0F5B329CF7EF}.Release|Any CPU.ActiveCfg = Release|Any CPU
		{9ADF7538-DE92-4472-9770-0F5B329CF7EF}.Release|Any CPU.Build.0 = Release|Any CPU
		{F4341C5E-38B3-4F8D-B678-0C5601B241DE}.Debug|Any CPU.ActiveCfg = Debug|Any CPU
		{F4341C5E-38B3-4F8D-B678-0C5601B241DE}.Debug|Any CPU.Build.0 = Debug|Any CPU
		{F4341C5E-38B3-4F8D-B678-0C5601B241DE}.Release|Any CPU.ActiveCfg = Release|Any CPU
		{F4341C5E-38B3-4F8D-B678-0C5601B241DE}.Release|Any CPU.Build.0 = Release|Any CPU
		{BAC4C708-5F61-46A8-BE16-0F46041CD7C6}.Debug|Any CPU.ActiveCfg = Debug|Any CPU
		{BAC4C708-5F61-46A8-BE16-0F46041CD7C6}.Debug|Any CPU.Build.0 = Debug|Any CPU
		{BAC4C708-5F61-46A8-BE16-0F46041CD7C6}.Release|Any CPU.ActiveCfg = Release|Any CPU
		{BAC4C708-5F61-46A8-BE16-0F46041CD7C6}.Release|Any CPU.Build.0 = Release|Any CPU
		{6EC786F6-E84C-4DD3-8B31-AC0E13D62E88}.Debug|Any CPU.ActiveCfg = Debug|Any CPU
		{6EC786F6-E84C-4DD3-8B31-AC0E13D62E88}.Debug|Any CPU.Build.0 = Debug|Any CPU
		{6EC786F6-E84C-4DD3-8B31-AC0E13D62E88}.Release|Any CPU.ActiveCfg = Release|Any CPU
		{6EC786F6-E84C-4DD3-8B31-AC0E13D62E88}.Release|Any CPU.Build.0 = Release|Any CPU
		{81873F65-9ABF-498F-9796-0E29CF5E17AD}.Debug|Any CPU.ActiveCfg = Debug|Any CPU
		{81873F65-9ABF-498F-9796-0E29CF5E17AD}.Debug|Any CPU.Build.0 = Debug|Any CPU
		{81873F65-9ABF-498F-9796-0E29CF5E17AD}.Release|Any CPU.ActiveCfg = Release|Any CPU
		{81873F65-9ABF-498F-9796-0E29CF5E17AD}.Release|Any CPU.Build.0 = Release|Any CPU
		{23EE5521-1B2C-4C80-8588-DBBC986A6054}.Debug|Any CPU.ActiveCfg = Debug|Any CPU
		{23EE5521-1B2C-4C80-8588-DBBC986A6054}.Debug|Any CPU.Build.0 = Debug|Any CPU
		{23EE5521-1B2C-4C80-8588-DBBC986A6054}.Release|Any CPU.ActiveCfg = Release|Any CPU
		{23EE5521-1B2C-4C80-8588-DBBC986A6054}.Release|Any CPU.Build.0 = Release|Any CPU
	EndGlobalSection
EndGlobal
